
Microsoft Visual Studio Solution File, Format Version 12.00
# Visual Studio 15
VisualStudioVersion = 15.0.27004.2006
MinimumVisualStudioVersion = 10.0.40219.1
Project("{FAE04EC0-301F-11D3-BF4B-00C04F79EFBC}") = "Mega Challenge Casino", "Mega Challenge Casino\Mega Challenge Casino.csproj", "{AD7187D4-7C6F-442B-AD85-324A2C1276D2}"
EndProject
Global
	GlobalSection(SolutionConfigurationPlatforms) = preSolution
		Debug|Any CPU = Debug|Any CPU
		Release|Any CPU = Release|Any CPU
	EndGlobalSection
	GlobalSection(ProjectConfigurationPlatforms) = postSolution
		{AD7187D4-7C6F-442B-AD85-324A2C1276D2}.Debug|Any CPU.ActiveCfg = Debug|Any CPU
		{AD7187D4-7C6F-442B-AD85-324A2C1276D2}.Debug|Any CPU.Build.0 = Debug|Any CPU
		{AD7187D4-7C6F-442B-AD85-324A2C1276D2}.Release|Any CPU.ActiveCfg = Release|Any CPU
		{AD7187D4-7C6F-442B-AD85-324A2C1276D2}.Release|Any CPU.Build.0 = Release|Any CPU
	EndGlobalSection
	GlobalSection(SolutionProperties) = preSolution
		HideSolutionNode = FALSE
	EndGlobalSection
	GlobalSection(ExtensibilityGlobals) = postSolution
		SolutionGuid = {E3D9B2B7-D4A9-41ED-802A-1707CF03AC8C}
	EndGlobalSection
EndGlobal
